
Microsoft Visual Studio Solution File, Format Version 12.00
# Visual Studio 15
VisualStudioVersion = 15.0.28307.329
MinimumVisualStudioVersion = 10.0.40219.1
Project("{FAE04EC0-301F-11D3-BF4B-00C04F79EFBC}") = "SearchAlgorithms", "SearchAlgorithms\SearchAlgorithms.csproj", "{240BF6DF-9F01-4667-B6E4-F947F2D076AD}"
EndProject
Global
	GlobalSection(SolutionConfigurationPlatforms) = preSolution
		Debug|Any CPU = Debug|Any CPU
		Release|Any CPU = Release|Any CPU
	EndGlobalSection
	GlobalSection(ProjectConfigurationPlatforms) = postSolution
		{240BF6DF-9F01-4667-B6E4-F947F2D076AD}.Debug|Any CPU.ActiveCfg = Debug|Any CPU
		{240BF6DF-9F01-4667-B6E4-F947F2D076AD}.Debug|Any CPU.Build.0 = Debug|Any CPU
		{240BF6DF-9F01-4667-B6E4-F947F2D076AD}.Release|Any CPU.ActiveCfg = Release|Any CPU
		{240BF6DF-9F01-4667-B6E4-F947F2D076AD}.Release|Any CPU.Build.0 = Release|Any CPU
	EndGlobalSection
	GlobalSection(SolutionProperties) = preSolution
		HideSolutionNode = FALSE
	EndGlobalSection
	GlobalSection(ExtensibilityGlobals) = postSolution
		SolutionGuid = {337AFC63-3D3A-451E-B92D-B704EF1F9757}
	EndGlobalSection
EndGlobal
